
Microsoft Visual Studio Solution File, Format Version 12.00
# Visual Studio 15
VisualStudioVersion = 15.0.27130.2020
MinimumVisualStudioVersion = 10.0.40219.1
Project("{F184B08F-C81C-45F6-A57F-5ABD9991F28F}") = "Sigma Wallet", "Sigma Wallet\Sigma Wallet.vbproj", "{236C91DB-9ED6-4ABB-B000-D35B2393880C}"
EndProject
Project("{F184B08F-C81C-45F6-A57F-5ABD9991F28F}") = "Common", "Common\Common.vbproj", "{82B4EE5D-18D9-4671-B8C2-F7F7B282A7CB}"
EndProject
Project("{F184B08F-C81C-45F6-A57F-5ABD9991F28F}") = "Coin AEON", "Coin AEON\Coin AEON.vbproj", "{66EC297A-208C-45CD-9DE4-4714C33A0219}"
EndProject
Global
	GlobalSection(SolutionConfigurationPlatforms) = preSolution
		Debug|Any CPU = Debug|Any CPU
		Release|Any CPU = Release|Any CPU
	EndGlobalSection
	GlobalSection(ProjectConfigurationPlatforms) = postSolution
		{236C91DB-9ED6-4ABB-B000-D35B2393880C}.Debug|Any CPU.ActiveCfg = Debug|Any CPU
		{236C91DB-9ED6-4ABB-B000-D35B2393880C}.Debug|Any CPU.Build.0 = Debug|Any CPU
		{236C91DB-9ED6-4ABB-B000-D35B2393880C}.Release|Any CPU.ActiveCfg = Release|Any CPU
		{236C91DB-9ED6-4ABB-B000-D35B2393880C}.Release|Any CPU.Build.0 = Release|Any CPU
		{82B4EE5D-18D9-4671-B8C2-F7F7B282A7CB}.Debug|Any CPU.ActiveCfg = Debug|Any CPU
		{82B4EE5D-18D9-4671-B8C2-F7F7B282A7CB}.Debug|Any CPU.Build.0 = Debug|Any CPU
		{82B4EE5D-18D9-4671-B8C2-F7F7B282A7CB}.Release|Any CPU.ActiveCfg = Release|Any CPU
		{82B4EE5D-18D9-4671-B8C2-F7F7B282A7CB}.Release|Any CPU.Build.0 = Release|Any CPU
		{66EC297A-208C-45CD-9DE4-4714C33A0219}.Debug|Any CPU.ActiveCfg = Debug|Any CPU
		{66EC297A-208C-45CD-9DE4-4714C33A0219}.Debug|Any CPU.Build.0 = Debug|Any CPU
		{66EC297A-208C-45CD-9DE4-4714C33A0219}.Release|Any CPU.ActiveCfg = Release|Any CPU
		{66EC297A-208C-45CD-9DE4-4714C33A0219}.Release|Any CPU.Build.0 = Release|Any CPU
	EndGlobalSection
	GlobalSection(SolutionProperties) = preSolution
		HideSolutionNode = FALSE
	EndGlobalSection
	GlobalSection(ExtensibilityGlobals) = postSolution
		SolutionGuid = {0A32ACB5-282E-4DA4-827E-A5CB171D2E32}
	EndGlobalSection
EndGlobal
